
Microsoft Visual Studio Solution File, Format Version 12.00
# Visual Studio Version 17
VisualStudioVersion = 17.1.32210.238
MinimumVisualStudioVersion = 10.0.40219.1
Project("{FAE04EC0-301F-11D3-BF4B-00C04F79EFBC}") = "SimpleBlogs.API", "SimpleBlogs.API\SimpleBlogs.API.csproj", "{8B937D63-03A4-4528-9E49-B72700576764}"
EndProject
Project("{FAE04EC0-301F-11D3-BF4B-00C04F79EFBC}") = "SimpleBlogs.DAL", "SimpleBlogs.DAL\SimpleBlogs.DAL.csproj", "{FDE727D8-325D-4FDB-A45B-C2F26751FDDF}"
EndProject
Project("{FAE04EC0-301F-11D3-BF4B-00C04F79EFBC}") = "SimpleBlogs.BLL", "SimpleBlogs.BLL\SimpleBlogs.BLL.csproj", "{E12A3615-5B27-4375-AFFF-0FFED1F4C079}"
EndProject
Global
	GlobalSection(SolutionConfigurationPlatforms) = preSolution
		Debug|Any CPU = Debug|Any CPU
		Release|Any CPU = Release|Any CPU
	EndGlobalSection
	GlobalSection(ProjectConfigurationPlatforms) = postSolution
		{8B937D63-03A4-4528-9E49-B72700576764}.Debug|Any CPU.ActiveCfg = Debug|Any CPU
		{8B937D63-03A4-4528-9E49-B72700576764}.Debug|Any CPU.Build.0 = Debug|Any CPU
		{8B937D63-03A4-4528-9E49-B72700576764}.Release|Any CPU.ActiveCfg = Release|Any CPU
		{8B937D63-03A4-4528-9E49-B72700576764}.Release|Any CPU.Build.0 = Release|Any CPU
		{FDE727D8-325D-4FDB-A45B-C2F26751FDDF}.Debug|Any CPU.ActiveCfg = Debug|Any CPU
		{FDE727D8-325D-4FDB-A45B-C2F26751FDDF}.Debug|Any CPU.Build.0 = Debug|Any CPU
		{FDE727D8-325D-4FDB-A45B-C2F26751FDDF}.Release|Any CPU.ActiveCfg = Release|Any CPU
		{FDE727D8-325D-4FDB-A45B-C2F26751FDDF}.Release|Any CPU.Build.0 = Release|Any CPU
		{E12A3615-5B27-4375-AFFF-0FFED1F4C079}.Debug|Any CPU.ActiveCfg = Debug|Any CPU
		{E12A3615-5B27-4375-AFFF-0FFED1F4C079}.Debug|Any CPU.Build.0 = Debug|Any CPU
		{E12A3615-5B27-4375-AFFF-0FFED1F4C079}.Release|Any CPU.ActiveCfg = Release|Any CPU
		{E12A3615-5B27-4375-AFFF-0FFED1F4C079}.Release|Any CPU.Build.0 = Release|Any CPU
	EndGlobalSection
	GlobalSection(SolutionProperties) = preSolution
		HideSolutionNode = FALSE
	EndGlobalSection
	GlobalSection(ExtensibilityGlobals) = postSolution
		SolutionGuid = {AF60EE39-FE11-4F4B-A962-5386757E3727}
	EndGlobalSection
EndGlobal
